
Microsoft Visual Studio Solution File, Format Version 12.00
# Visual Studio Version 17
VisualStudioVersion = 17.0.31919.166
MinimumVisualStudioVersion = 10.0.40219.1
Project("{9A19103F-16F7-4668-BE54-9A1E7A4F7556}") = "StyloIssues.Abstractions", "src\StyloIssues.Abstractions\StyloIssues.Abstractions.csproj", "{12345678-1234-1234-1234-123456789012}"
EndProject
Project("{9A19103F-16F7-4668-BE54-9A1E7A4F7556}") = "StyloIssues.Abstractions.Tests", "tests\StyloIssues.Abstractions.Tests\StyloIssues.Abstractions.Tests.csproj", "{87654321-4321-4321-4321-210987654321}"
EndProject
Project("{2150E333-8FDC-42A3-9474-1A3956D46DE8}") = "src", "src", "{827E0CD3-B72D-47B6-A68D-7590B98EB39B}"
EndProject
Project("{FAE04EC0-301F-11D3-BF4B-00C04F79EFBC}") = "StyloIssues", "src\StyloIssues\StyloIssues.csproj", "{B4478AEA-AAC9-43DA-976E-835284428D67}"
EndProject
Project("{2150E333-8FDC-42A3-9474-1A3956D46DE8}") = "tests", "tests", "{0AB3BF05-4346-4AA6-1389-037BE0695223}"
EndProject
Project("{FAE04EC0-301F-11D3-BF4B-00C04F79EFBC}") = "StyloIssues.Tests", "tests\StyloIssues.Tests\StyloIssues.Tests.csproj", "{DAEB0E16-6942-40E8-8A83-8C7E48D03868}"
EndProject
Project("{FAE04EC0-301F-11D3-BF4B-00C04F79EFBC}") = "StyloIssues.UI", "src\StyloIssues.UI\StyloIssues.UI.csproj", "{C1A2B3C4-D5E6-F7A8-B9C0-D1E2F3A4B5C6}"
EndProject
Project("{FAE04EC0-301F-11D3-BF4B-00C04F79EFBC}") = "StyloIssues.UI.Tests", "tests\StyloIssues.UI.Tests\StyloIssues.UI.Tests.csproj", "{E1F2A3B4-C5D6-E7F8-A9B0-C1D2E3F4A5B6}"
EndProject
Project("{2150E333-8FDC-42A3-9474-1A3956D46DE8}") = "samples", "samples", "{5D20AA90-6969-D8BD-9DCD-8634F4692FDA}"
EndProject
Project("{FAE04EC0-301F-11D3-BF4B-00C04F79EFBC}") = "StyloIssues.Sample", "samples\StyloIssues.Sample\StyloIssues.Sample.csproj", "{E61D3DA6-5614-4E6A-A2AC-D912217122D9}"
EndProject
Global
	GlobalSection(SolutionConfigurationPlatforms) = preSolution
		Debug|Any CPU = Debug|Any CPU
		Debug|x64 = Debug|x64
		Debug|x86 = Debug|x86
		Release|Any CPU = Release|Any CPU
		Release|x64 = Release|x64
		Release|x86 = Release|x86
	EndGlobalSection
	GlobalSection(ProjectConfigurationPlatforms) = postSolution
		{12345678-1234-1234-1234-123456789012}.Debug|Any CPU.ActiveCfg = Debug|Any CPU
		{12345678-1234-1234-1234-123456789012}.Debug|Any CPU.Build.0 = Debug|Any CPU
		{12345678-1234-1234-1234-123456789012}.Debug|x64.ActiveCfg = Debug|Any CPU
		{12345678-1234-1234-1234-123456789012}.Debug|x64.Build.0 = Debug|Any CPU
		{12345678-1234-1234-1234-123456789012}.Debug|x86.ActiveCfg = Debug|Any CPU
		{12345678-1234-1234-1234-123456789012}.Debug|x86.Build.0 = Debug|Any CPU
		{12345678-1234-1234-1234-123456789012}.Release|Any CPU.ActiveCfg = Release|Any CPU
		{12345678-1234-1234-1234-123456789012}.Release|Any CPU.Build.0 = Release|Any CPU
		{12345678-1234-1234-1234-123456789012}.Release|x64.ActiveCfg = Release|Any CPU
		{12345678-1234-1234-1234-123456789012}.Release|x64.Build.0 = Release|Any CPU
		{12345678-1234-1234-1234-123456789012}.Release|x86.ActiveCfg = Release|Any CPU
		{12345678-1234-1234-1234-123456789012}.Release|x86.Build.0 = Release|Any CPU
		{87654321-4321-4321-4321-210987654321}.Debug|Any CPU.ActiveCfg = Debug|Any CPU
		{87654321-4321-4321-4321-210987654321}.Debug|Any CPU.Build.0 = Debug|Any CPU
		{87654321-4321-4321-4321-210987654321}.Debug|x64.ActiveCfg = Debug|Any CPU
		{87654321-4321-4321-4321-210987654321}.Debug|x64.Build.0 = Debug|Any CPU
		{87654321-4321-4321-4321-210987654321}.Debug|x86.ActiveCfg = Debug|Any CPU
		{87654321-4321-4321-4321-210987654321}.Debug|x86.Build.0 = Debug|Any CPU
		{87654321-4321-4321-4321-210987654321}.Release|Any CPU.ActiveCfg = Release|Any CPU
		{87654321-4321-4321-4321-210987654321}.Release|Any CPU.Build.0 = Release|Any CPU
		{87654321-4321-4321-4321-210987654321}.Release|x64.ActiveCfg = Release|Any CPU
		{87654321-4321-4321-4321-210987654321}.Release|x64.Build.0 = Release|Any CPU
		{87654321-4321-4321-4321-210987654321}.Release|x86.ActiveCfg = Release|Any CPU
		{87654321-4321-4321-4321-210987654321}.Release|x86.Build.0 = Release|Any CPU
		{B4478AEA-AAC9-43DA-976E-835284428D67}.Debug|Any CPU.ActiveCfg = Debug|Any CPU
		{B4478AEA-AAC9-43DA-976E-835284428D67}.Debug|Any CPU.Build.0 = Debug|Any CPU
		{B4478AEA-AAC9-43DA-976E-835284428D67}.Debug|x64.ActiveCfg = Debug|Any CPU
		{B4478AEA-AAC9-43DA-976E-835284428D67}.Debug|x64.Build.0 = Debug|Any CPU
		{B4478AEA-AAC9-43DA-976E-835284428D67}.Debug|x86.ActiveCfg = Debug|Any CPU
		{B4478AEA-AAC9-43DA-976E-835284428D67}.Debug|x86.Build.0 = Debug|Any CPU
		{B4478AEA-AAC9-43DA-976E-835284428D67}.Release|Any CPU.ActiveCfg = Release|Any CPU
		{B4478AEA-AAC9-43DA-976E-835284428D67}.Release|Any CPU.Build.0 = Release|Any CPU
		{B4478AEA-AAC9-43DA-976E-835284428D67}.Release|x64.ActiveCfg = Release|Any CPU
		{B4478AEA-AAC9-43DA-976E-835284428D67}.Release|x64.Build.0 = Release|Any CPU
		{B4478AEA-AAC9-43DA-976E-835284428D67}.Release|x86.ActiveCfg = Release|Any CPU
		{B4478AEA-AAC9-43DA-976E-835284428D67}.Release|x86.Build.0 = Release|Any CPU
		{DAEB0E16-6942-40E8-8A83-8C7E48D03868}.Debug|Any CPU.ActiveCfg = Debug|Any CPU
		{DAEB0E16-6942-40E8-8A83-8C7E48D03868}.Debug|Any CPU.Build.0 = Debug|Any CPU
		{DAEB0E16-6942-40E8-8A83-8C7E48D03868}.Debug|x64.ActiveCfg = Debug|Any CPU
		{DAEB0E16-6942-40E8-8A83-8C7E48D03868}.Debug|x64.Build.0 = Debug|Any CPU
		{DAEB0E16-6942-40E8-8A83-8C7E48D03868}.Debug|x86.ActiveCfg = Debug|Any CPU
		{DAEB0E16-6942-40E8-8A83-8C7E48D03868}.Debug|x86.Build.0 = Debug|Any CPU
		{DAEB0E16-6942-40E8-8A83-8C7E48D03868}.Release|Any CPU.ActiveCfg = Release|Any CPU
		{DAEB0E16-6942-40E8-8A83-8C7E48D03868}.Release|Any CPU.Build.0 = Release|Any CPU
		{DAEB0E16-6942-40E8-8A83-8C7E48D03868}.Release|x64.ActiveCfg = Release|Any CPU
		{DAEB0E16-6942-40E8-8A83-8C7E48D03868}.Release|x64.Build.0 = Release|Any CPU
		{DAEB0E16-6942-40E8-8A83-8C7E48D03868}.Release|x86.ActiveCfg = Release|Any CPU
		{DAEB0E16-6942-40E8-8A83-8C7E48D03868}.Release|x86.Build.0 = Release|Any CPU
		{C1A2B3C4-D5E6-F7A8-B9C0-D1E2F3A4B5C6}.Debug|Any CPU.ActiveCfg = Debug|Any CPU
		{C1A2B3C4-D5E6-F7A8-B9C0-D1E2F3A4B5C6}.Debug|Any CPU.Build.0 = Debug|Any CPU
		{C1A2B3C4-D5E6-F7A8-B9C0-D1E2F3A4B5C6}.Debug|x64.ActiveCfg = Debug|Any CPU
		{C1A2B3C4-D5E6-F7A8-B9C0-D1E2F3A4B5C6}.Debug|x64.Build.0 = Debug|Any CPU
		{C1A2B3C4-D5E6-F7A8-B9C0-D1E2F3A4B5C6}.Debug|x86.ActiveCfg = Debug|Any CPU
		{C1A2B3C4-D5E6-F7A8-B9C0-D1E2F3A4B5C6}.Debug|x86.Build.0 = Debug|Any CPU
		{C1A2B3C4-D5E6-F7A8-B9C0-D1E2F3A4B5C6}.Release|Any CPU.ActiveCfg = Release|Any CPU
		{C1A2B3C4-D5E6-F7A8-B9C0-D1E2F3A4B5C6}.Release|Any CPU.Build.0 = Release|Any CPU
		{C1A2B3C4-D5E6-F7A8-B9C0-D1E2F3A4B5C6}.Release|x64.ActiveCfg = Release|Any CPU
		{C1A2B3C4-D5E6-F7A8-B9C0-D1E2F3A4B5C6}.Release|x64.Build.0 = Release|Any CPU
		{C1A2B3C4-D5E6-F7A8-B9C0-D1E2F3A4B5C6}.Release|x86.ActiveCfg = Release|Any CPU
		{C1A2B3C4-D5E6-F7A8-B9C0-D1E2F3A4B5C6}.Release|x86.Build.0 = Release|Any CPU
		{E1F2A3B4-C5D6-E7F8-A9B0-C1D2E3F4A5B6}.Debug|Any CPU.ActiveCfg = Debug|Any CPU
		{E1F2A3B4-C5D6-E7F8-A9B0-C1D2E3F4A5B6}.Debug|Any CPU.Build.0 = Debug|Any CPU
		{E1F2A3B4-C5D6-E7F8-A9B0-C1D2E3F4A5B6}.Debug|x64.ActiveCfg = Debug|Any CPU
		{E1F2A3B4-C5D6-E7F8-A9B0-C1D2E3F4A5B6}.Debug|x64.Build.0 = Debug|Any CPU
		{E1F2A3B4-C5D6-E7F8-A9B0-C1D2E3F4A5B6}.Debug|x86.ActiveCfg = Debug|Any CPU
		{E1F2A3B4-C5D6-E7F8-A9B0-C1D2E3F4A5B6}.Debug|x86.Build.0 = Debug|Any CPU
		{E1F2A3B4-C5D6-E7F8-A9B0-C1D2E3F4A5B6}.Release|Any CPU.ActiveCfg = Release|Any CPU
		{E1F2A3B4-C5D6-E7F8-A9B0-C1D2E3F4A5B6}.Release|Any CPU.Build.0 = Release|Any CPU
		{E1F2A3B4-C5D6-E7F8-A9B0-C1D2E3F4A5B6}.Release|x64.ActiveCfg = Release|Any CPU
		{E1F2A3B4-C5D6-E7F8-A9B0-C1D2E3F4A5B6}.Release|x64.Build.0 = Release|Any CPU
		{E1F2A3B4-C5D6-E7F8-A9B0-C1D2E3F4A5B6}.Release|x86.ActiveCfg = Release|Any CPU
		{E1F2A3B4-C5D6-E7F8-A9B0-C1D2E3F4A5B6}.Release|x86.Build.0 = Release|Any CPU
		{E61D3DA6-5614-4E6A-A2AC-D912217122D9}.Debug|Any CPU.ActiveCfg = Debug|Any CPU
		{E61D3DA6-5614-4E6A-A2AC-D912217122D9}.Debug|Any CPU.Build.0 = Debug|Any CPU
		{E61D3DA6-5614-4E6A-A2AC-D912217122D9}.Debug|x64.ActiveCfg = Debug|Any CPU
		{E61D3DA6-5614-4E6A-A2AC-D912217122D9}.Debug|x64.Build.0 = Debug|Any CPU
		{E61D3DA6-5614-4E6A-A2AC-D912217122D9}.Debug|x86.ActiveCfg = Debug|Any CPU
		{E61D3DA6-5614-4E6A-A2AC-D912217122D9}.Debug|x86.Build.0 = Debug|Any CPU
		{E61D3DA6-5614-4E6A-A2AC-D912217122D9}.Release|Any CPU.ActiveCfg = Release|Any CPU
		{E61D3DA6-5614-4E6A-A2AC-D912217122D9}.Release|Any CPU.Build.0 = Release|Any CPU
		{E61D3DA6-5614-4E6A-A2AC-D912217122D9}.Release|x64.ActiveCfg = Release|Any CPU
		{E61D3DA6-5614-4E6A-A2AC-D912217122D9}.Release|x64.Build.0 = Release|Any CPU
		{E61D3DA6-5614-4E6A-A2AC-D912217122D9}.Release|x86.ActiveCfg = Release|Any CPU
		{E61D3DA6-5614-4E6A-A2AC-D912217122D9}.Release|x86.Build.0 = Release|Any CPU
	EndGlobalSection
	GlobalSection(SolutionProperties) = preSolution
		HideSolutionNode = FALSE
	EndGlobalSection
	GlobalSection(NestedProjects) = preSolution
		{B4478AEA-AAC9-43DA-976E-835284428D67} = {827E0CD3-B72D-47B6-A68D-7590B98EB39B}
		{DAEB0E16-6942-40E8-8A83-8C7E48D03868} = {0AB3BF05-4346-4AA6-1389-037BE0695223}
		{C1A2B3C4-D5E6-F7A8-B9C0-D1E2F3A4B5C6} = {827E0CD3-B72D-47B6-A68D-7590B98EB39B}
		{E1F2A3B4-C5D6-E7F8-A9B0-C1D2E3F4A5B6} = {0AB3BF05-4346-4AA6-1389-037BE0695223}
		{E61D3DA6-5614-4E6A-A2AC-D912217122D9} = {5D20AA90-6969-D8BD-9DCD-8634F4692FDA}
	EndGlobalSection
EndGlobal
